
Microsoft Visual Studio Solution File, Format Version 12.00
# Visual Studio 15
VisualStudioVersion = 15.0.26228.9
MinimumVisualStudioVersion = 10.0.40219.1
Project("{FAE04EC0-301F-11D3-BF4B-00C04F79EFBC}") = "WordsMemorizer", "WordsMemorizer\WordsMemorizer.csproj", "{88A0F4C9-8FAA-4C30-A3CA-6EA634128204}"
EndProject
Project("{FAE04EC0-301F-11D3-BF4B-00C04F79EFBC}") = "View", "View\View.csproj", "{4E74AA7A-6028-44BA-974D-DDE9A5D6A26E}"
EndProject
Global
	GlobalSection(SolutionConfigurationPlatforms) = preSolution
		Debug|Any CPU = Debug|Any CPU
		Release|Any CPU = Release|Any CPU
	EndGlobalSection
	GlobalSection(ProjectConfigurationPlatforms) = postSolution
		{88A0F4C9-8FAA-4C30-A3CA-6EA634128204}.Debug|Any CPU.ActiveCfg = Debug|Any CPU
		{88A0F4C9-8FAA-4C30-A3CA-6EA634128204}.Debug|Any CPU.Build.0 = Debug|Any CPU
		{88A0F4C9-8FAA-4C30-A3CA-6EA634128204}.Release|Any CPU.ActiveCfg = Release|Any CPU
		{88A0F4C9-8FAA-4C30-A3CA-6EA634128204}.Release|Any CPU.Build.0 = Release|Any CPU
		{4E74AA7A-6028-44BA-974D-DDE9A5D6A26E}.Debug|Any CPU.ActiveCfg = Debug|Any CPU
		{4E74AA7A-6028-44BA-974D-DDE9A5D6A26E}.Debug|Any CPU.Build.0 = Debug|Any CPU
		{4E74AA7A-6028-44BA-974D-DDE9A5D6A26E}.Release|Any CPU.ActiveCfg = Release|Any CPU
		{4E74AA7A-6028-44BA-974D-DDE9A5D6A26E}.Release|Any CPU.Build.0 = Release|Any CPU
	EndGlobalSection
	GlobalSection(SolutionProperties) = preSolution
		HideSolutionNode = FALSE
	EndGlobalSection
EndGlobal
